
Microsoft Visual Studio Solution File, Format Version 12.00
# Visual Studio 15
VisualStudioVersion = 15.0.28307.902
MinimumVisualStudioVersion = 10.0.40219.1
Project("{8BC9CEB8-8B4A-11D0-8D11-00A0C91BC942}") = "BreakoutJR", "BreakoutJR\BreakoutJR.vcxproj", "{F3162F90-4A95-4481-A755-27609BAF9CEF}"
EndProject
Global
	GlobalSection(SolutionConfigurationPlatforms) = preSolution
		Debug|x64 = Debug|x64
		Debug|x86 = Debug|x86
		Release|x64 = Release|x64
		Release|x86 = Release|x86
	EndGlobalSection
	GlobalSection(ProjectConfigurationPlatforms) = postSolution
		{F3162F90-4A95-4481-A755-27609BAF9CEF}.Debug|x64.ActiveCfg = Debug|x64
		{F3162F90-4A95-4481-A755-27609BAF9CEF}.Debug|x64.Build.0 = Debug|x64
		{F3162F90-4A95-4481-A755-27609BAF9CEF}.Debug|x86.ActiveCfg = Debug|Win32
		{F3162F90-4A95-4481-A755-27609BAF9CEF}.Debug|x86.Build.0 = Debug|Win32
		{F3162F90-4A95-4481-A755-27609BAF9CEF}.Release|x64.ActiveCfg = Release|x64
		{F3162F90-4A95-4481-A755-27609BAF9CEF}.Release|x64.Build.0 = Release|x64
		{F3162F90-4A95-4481-A755-27609BAF9CEF}.Release|x86.ActiveCfg = Release|Win32
		{F3162F90-4A95-4481-A755-27609BAF9CEF}.Release|x86.Build.0 = Release|Win32
	EndGlobalSection
	GlobalSection(SolutionProperties) = preSolution
		HideSolutionNode = FALSE
	EndGlobalSection
	GlobalSection(ExtensibilityGlobals) = postSolution
		SolutionGuid = {B229F989-58EB-443F-B70F-A7E841811406}
	EndGlobalSection
EndGlobal
